{
    "_meta": {
        "hash": {
            "sha256": "9e23cad712dab33c4a09ee7690513cf8ac859ee03c2420cae3f3dfb00f25d963"
        },
        "pipfile-spec": 6,
        "requires": {
            "python_version": "3.6"
        },
        "sources": [
            {
                "name": "pypi",
                "url": "https://pypi.org/simple",
                "verify_ssl": true
            }
        ]
    },
    "default": {
        "discord-py": {
            "extras": [
                "voice"
            ],
            "git": "https://github.com/Rapptz/discord.py.git",
            "ref": "3f06f247c039a23948e7bb0014ea31db533b4ba2"
        }
    },
    "develop": {}
}
